
Microsoft Visual Studio Solution File, Format Version 12.00
# Visual Studio Version 17
VisualStudioVersion = 17.2.32616.157
MinimumVisualStudioVersion = 10.0.40219.1
Project("{FAE04EC0-301F-11D3-BF4B-00C04F79EFBC}") = "Exercícios Prova 3", "Exercícios Prova 3\Exercícios Prova 3.csproj", "{814E31CB-031A-493D-8353-2D7093C911A4}"
EndProject
Global
	GlobalSection(SolutionConfigurationPlatforms) = preSolution
		Debug|Any CPU = Debug|Any CPU
		Release|Any CPU = Release|Any CPU
	EndGlobalSection
	GlobalSection(ProjectConfigurationPlatforms) = postSolution
		{814E31CB-031A-493D-8353-2D7093C911A4}.Debug|Any CPU.ActiveCfg = Debug|Any CPU
		{814E31CB-031A-493D-8353-2D7093C911A4}.Debug|Any CPU.Build.0 = Debug|Any CPU
		{814E31CB-031A-493D-8353-2D7093C911A4}.Release|Any CPU.ActiveCfg = Release|Any CPU
		{814E31CB-031A-493D-8353-2D7093C911A4}.Release|Any CPU.Build.0 = Release|Any CPU
	EndGlobalSection
	GlobalSection(SolutionProperties) = preSolution
		HideSolutionNode = FALSE
	EndGlobalSection
	GlobalSection(ExtensibilityGlobals) = postSolution
		SolutionGuid = {41630451-42E8-4867-B378-36C29333EA36}
	EndGlobalSection
EndGlobal
